
Microsoft Visual Studio Solution File, Format Version 12.00
# Visual Studio Version 17
VisualStudioVersion = 17.11.35222.181
MinimumVisualStudioVersion = 10.0.40219.1
Project("{2150E333-8FDC-42A3-9474-1A3956D46DE8}") = "MicroServices", "MicroServices", "{335E1B4C-3E61-430E-8565-04D20907897C}"
EndProject
Project("{2150E333-8FDC-42A3-9474-1A3956D46DE8}") = "Shared", "Shared", "{0E18E356-0AF1-4616-B5DB-9DFF3FEF553C}"
EndProject
Project("{9A19103F-16F7-4668-BE54-9A1E7A4F7556}") = "AuthService.API", "MicroServices\AuthService.API\AuthService.API\AuthService.API.csproj", "{BE273E92-6572-4D51-8EA8-111CAC7B23BA}"
EndProject
Project("{9A19103F-16F7-4668-BE54-9A1E7A4F7556}") = "DashBoard.API", "MicroServices\DashBoard.API\DashBoard.API\DashBoard.API.csproj", "{66C2C5F5-5F35-46FF-B013-5B0A792AADB2}"
EndProject
Project("{9A19103F-16F7-4668-BE54-9A1E7A4F7556}") = "NextAcademy.API", "MicroServices\NextAcademy.API\NextAcademy.API\NextAcademy.API.csproj", "{C94D85DE-063D-4F9A-9DD7-DFAA3F7CC88C}"
EndProject
Project("{9A19103F-16F7-4668-BE54-9A1E7A4F7556}") = "NextLiving.API", "MicroServices\NextLiving.API\NextLiving.API\NextLiving.API.csproj", "{BB0935D9-A3E7-43CB-98A9-AAA14AFC1AAD}"
EndProject
Project("{9A19103F-16F7-4668-BE54-9A1E7A4F7556}") = "NextRecreation.API", "MicroServices\NextRecreation.API\NextRecreation.API\NextRecreation.API.csproj", "{A4571421-62A4-4DDA-9F4F-193323F5A295}"
EndProject
Project("{9A19103F-16F7-4668-BE54-9A1E7A4F7556}") = "NextShare.API", "MicroServices\NextShare.API\NextShare.API\NextShare.API.csproj", "{7EDC951E-F032-487D-90BA-11772C5389D9}"
EndProject
Project("{9A19103F-16F7-4668-BE54-9A1E7A4F7556}") = "UserService.API", "MicroServices\UserService.API\UserService.API\UserService.API.csproj", "{DC283463-5417-4AB5-8159-6C379571229E}"
EndProject
Project("{9A19103F-16F7-4668-BE54-9A1E7A4F7556}") = "BffService.API", "BffService.API\BffService.API.csproj", "{650DB422-1F5A-4384-A344-FFEF75F1CFB6}"
EndProject
Project("{9A19103F-16F7-4668-BE54-9A1E7A4F7556}") = "SharedKernel", "Shared\SharedKernel\SharedKernel.csproj", "{B1F31BD8-6440-4230-8460-B931233BA427}"
EndProject
Project("{2150E333-8FDC-42A3-9474-1A3956D46DE8}") = "Solution Items", "Solution Items", "{C97C9403-4FA7-4835-96F3-C48112F9A2F7}"
	ProjectSection(SolutionItems) = preProject
		.env = .env
		docker-compose.yml = docker-compose.yml
	EndProjectSection
EndProject
Project("{9A19103F-16F7-4668-BE54-9A1E7A4F7556}") = "MembershipService.API", "MicroServices\MembershipService.API\MembershipService.API\MembershipService.API.csproj", "{7C9A14E8-9AF4-4709-A7B0-F9AC14579E4B}"
EndProject
Project("{9A19103F-16F7-4668-BE54-9A1E7A4F7556}") = "RedisSidecar.API", "RedisSidecar.API\RedisSidecar.API.csproj", "{405AD95A-D112-4A77-9157-FCEE572C8EC2}"
EndProject
Project("{9A19103F-16F7-4668-BE54-9A1E7A4F7556}") = "Shared.RedisProxy", "Shared.RedisProxy\Shared.RedisProxy.csproj", "{8EA60724-8D04-4A6D-AAC7-8CCE2F8A6F91}"
EndProject
Project("{FAE04EC0-301F-11D3-BF4B-00C04F79EFBC}") = "PaymentService.API", "MicroServices\PaymentService.API\PaymentService.API\PaymentService.API.csproj", "{5E581957-9E6F-4209-8DA3-FF97E97EABB9}"
EndProject
Global
	GlobalSection(SolutionConfigurationPlatforms) = preSolution
		Debug|Any CPU = Debug|Any CPU
		Release|Any CPU = Release|Any CPU
	EndGlobalSection
	GlobalSection(ProjectConfigurationPlatforms) = postSolution
		{BE273E92-6572-4D51-8EA8-111CAC7B23BA}.Debug|Any CPU.ActiveCfg = Debug|Any CPU
		{BE273E92-6572-4D51-8EA8-111CAC7B23BA}.Debug|Any CPU.Build.0 = Debug|Any CPU
		{BE273E92-6572-4D51-8EA8-111CAC7B23BA}.Release|Any CPU.ActiveCfg = Release|Any CPU
		{BE273E92-6572-4D51-8EA8-111CAC7B23BA}.Release|Any CPU.Build.0 = Release|Any CPU
		{66C2C5F5-5F35-46FF-B013-5B0A792AADB2}.Debug|Any CPU.ActiveCfg = Debug|Any CPU
		{66C2C5F5-5F35-46FF-B013-5B0A792AADB2}.Debug|Any CPU.Build.0 = Debug|Any CPU
		{66C2C5F5-5F35-46FF-B013-5B0A792AADB2}.Release|Any CPU.ActiveCfg = Release|Any CPU
		{66C2C5F5-5F35-46FF-B013-5B0A792AADB2}.Release|Any CPU.Build.0 = Release|Any CPU
		{C94D85DE-063D-4F9A-9DD7-DFAA3F7CC88C}.Debug|Any CPU.ActiveCfg = Debug|Any CPU
		{C94D85DE-063D-4F9A-9DD7-DFAA3F7CC88C}.Debug|Any CPU.Build.0 = Debug|Any CPU
		{C94D85DE-063D-4F9A-9DD7-DFAA3F7CC88C}.Release|Any CPU.ActiveCfg = Release|Any CPU
		{C94D85DE-063D-4F9A-9DD7-DFAA3F7CC88C}.Release|Any CPU.Build.0 = Release|Any CPU
		{BB0935D9-A3E7-43CB-98A9-AAA14AFC1AAD}.Debug|Any CPU.ActiveCfg = Debug|Any CPU
		{BB0935D9-A3E7-43CB-98A9-AAA14AFC1AAD}.Debug|Any CPU.Build.0 = Debug|Any CPU
		{BB0935D9-A3E7-43CB-98A9-AAA14AFC1AAD}.Release|Any CPU.ActiveCfg = Release|Any CPU
		{BB0935D9-A3E7-43CB-98A9-AAA14AFC1AAD}.Release|Any CPU.Build.0 = Release|Any CPU
		{A4571421-62A4-4DDA-9F4F-193323F5A295}.Debug|Any CPU.ActiveCfg = Debug|Any CPU
		{A4571421-62A4-4DDA-9F4F-193323F5A295}.Debug|Any CPU.Build.0 = Debug|Any CPU
		{A4571421-62A4-4DDA-9F4F-193323F5A295}.Release|Any CPU.ActiveCfg = Release|Any CPU
		{A4571421-62A4-4DDA-9F4F-193323F5A295}.Release|Any CPU.Build.0 = Release|Any CPU
		{7EDC951E-F032-487D-90BA-11772C5389D9}.Debug|Any CPU.ActiveCfg = Debug|Any CPU
		{7EDC951E-F032-487D-90BA-11772C5389D9}.Debug|Any CPU.Build.0 = Debug|Any CPU
		{7EDC951E-F032-487D-90BA-11772C5389D9}.Release|Any CPU.ActiveCfg = Release|Any CPU
		{7EDC951E-F032-487D-90BA-11772C5389D9}.Release|Any CPU.Build.0 = Release|Any CPU
		{DC283463-5417-4AB5-8159-6C379571229E}.Debug|Any CPU.ActiveCfg = Debug|Any CPU
		{DC283463-5417-4AB5-8159-6C379571229E}.Debug|Any CPU.Build.0 = Debug|Any CPU
		{DC283463-5417-4AB5-8159-6C379571229E}.Release|Any CPU.ActiveCfg = Release|Any CPU
		{DC283463-5417-4AB5-8159-6C379571229E}.Release|Any CPU.Build.0 = Release|Any CPU
		{650DB422-1F5A-4384-A344-FFEF75F1CFB6}.Debug|Any CPU.ActiveCfg = Debug|Any CPU
		{650DB422-1F5A-4384-A344-FFEF75F1CFB6}.Debug|Any CPU.Build.0 = Debug|Any CPU
		{650DB422-1F5A-4384-A344-FFEF75F1CFB6}.Release|Any CPU.ActiveCfg = Release|Any CPU
		{650DB422-1F5A-4384-A344-FFEF75F1CFB6}.Release|Any CPU.Build.0 = Release|Any CPU
		{B1F31BD8-6440-4230-8460-B931233BA427}.Debug|Any CPU.ActiveCfg = Debug|Any CPU
		{B1F31BD8-6440-4230-8460-B931233BA427}.Debug|Any CPU.Build.0 = Debug|Any CPU
		{B1F31BD8-6440-4230-8460-B931233BA427}.Release|Any CPU.ActiveCfg = Release|Any CPU
		{B1F31BD8-6440-4230-8460-B931233BA427}.Release|Any CPU.Build.0 = Release|Any CPU
		{7C9A14E8-9AF4-4709-A7B0-F9AC14579E4B}.Debug|Any CPU.ActiveCfg = Debug|Any CPU
		{7C9A14E8-9AF4-4709-A7B0-F9AC14579E4B}.Debug|Any CPU.Build.0 = Debug|Any CPU
		{7C9A14E8-9AF4-4709-A7B0-F9AC14579E4B}.Release|Any CPU.ActiveCfg = Release|Any CPU
		{7C9A14E8-9AF4-4709-A7B0-F9AC14579E4B}.Release|Any CPU.Build.0 = Release|Any CPU
		{405AD95A-D112-4A77-9157-FCEE572C8EC2}.Debug|Any CPU.ActiveCfg = Debug|Any CPU
		{405AD95A-D112-4A77-9157-FCEE572C8EC2}.Debug|Any CPU.Build.0 = Debug|Any CPU
		{405AD95A-D112-4A77-9157-FCEE572C8EC2}.Release|Any CPU.ActiveCfg = Release|Any CPU
		{405AD95A-D112-4A77-9157-FCEE572C8EC2}.Release|Any CPU.Build.0 = Release|Any CPU
		{8EA60724-8D04-4A6D-AAC7-8CCE2F8A6F91}.Debug|Any CPU.ActiveCfg = Debug|Any CPU
		{8EA60724-8D04-4A6D-AAC7-8CCE2F8A6F91}.Debug|Any CPU.Build.0 = Debug|Any CPU
		{8EA60724-8D04-4A6D-AAC7-8CCE2F8A6F91}.Release|Any CPU.ActiveCfg = Release|Any CPU
		{8EA60724-8D04-4A6D-AAC7-8CCE2F8A6F91}.Release|Any CPU.Build.0 = Release|Any CPU
		{5E581957-9E6F-4209-8DA3-FF97E97EABB9}.Debug|Any CPU.ActiveCfg = Debug|Any CPU
		{5E581957-9E6F-4209-8DA3-FF97E97EABB9}.Debug|Any CPU.Build.0 = Debug|Any CPU
		{5E581957-9E6F-4209-8DA3-FF97E97EABB9}.Release|Any CPU.ActiveCfg = Release|Any CPU
		{5E581957-9E6F-4209-8DA3-FF97E97EABB9}.Release|Any CPU.Build.0 = Release|Any CPU
	EndGlobalSection
	GlobalSection(SolutionProperties) = preSolution
		HideSolutionNode = FALSE
	EndGlobalSection
	GlobalSection(NestedProjects) = preSolution
		{BE273E92-6572-4D51-8EA8-111CAC7B23BA} = {335E1B4C-3E61-430E-8565-04D20907897C}
		{66C2C5F5-5F35-46FF-B013-5B0A792AADB2} = {335E1B4C-3E61-430E-8565-04D20907897C}
		{C94D85DE-063D-4F9A-9DD7-DFAA3F7CC88C} = {335E1B4C-3E61-430E-8565-04D20907897C}
		{BB0935D9-A3E7-43CB-98A9-AAA14AFC1AAD} = {335E1B4C-3E61-430E-8565-04D20907897C}
		{A4571421-62A4-4DDA-9F4F-193323F5A295} = {335E1B4C-3E61-430E-8565-04D20907897C}
		{7EDC951E-F032-487D-90BA-11772C5389D9} = {335E1B4C-3E61-430E-8565-04D20907897C}
		{DC283463-5417-4AB5-8159-6C379571229E} = {335E1B4C-3E61-430E-8565-04D20907897C}
		{B1F31BD8-6440-4230-8460-B931233BA427} = {0E18E356-0AF1-4616-B5DB-9DFF3FEF553C}
		{7C9A14E8-9AF4-4709-A7B0-F9AC14579E4B} = {335E1B4C-3E61-430E-8565-04D20907897C}
		{8EA60724-8D04-4A6D-AAC7-8CCE2F8A6F91} = {0E18E356-0AF1-4616-B5DB-9DFF3FEF553C}
		{5E581957-9E6F-4209-8DA3-FF97E97EABB9} = {335E1B4C-3E61-430E-8565-04D20907897C}
	EndGlobalSection
	GlobalSection(ExtensibilityGlobals) = postSolution
		SolutionGuid = {388960DE-06F6-4DF5-89DE-1284EE76BB14}
	EndGlobalSection
EndGlobal
